
Microsoft Visual Studio Solution File, Format Version 12.00
# Visual Studio Version 16
VisualStudioVersion = 16.0.29613.14
MinimumVisualStudioVersion = 10.0.40219.1
Project("{FAE04EC0-301F-11D3-BF4B-00C04F79EFBC}") = "Bank", "Bank.csproj", "{F07A0734-E088-44E8-BFA5-8E370B9EBAB8}"
EndProject
Project("{FAE04EC0-301F-11D3-BF4B-00C04F79EFBC}") = "BankTest", "..\BankTest\BankTest.csproj", "{CD503E93-9E88-4C3E-9EB7-161BAFE5F713}"
EndProject
Global
	GlobalSection(SolutionConfigurationPlatforms) = preSolution
		Debug|Any CPU = Debug|Any CPU
		Release|Any CPU = Release|Any CPU
	EndGlobalSection
	GlobalSection(ProjectConfigurationPlatforms) = postSolution
		{F07A0734-E088-44E8-BFA5-8E370B9EBAB8}.Debug|Any CPU.ActiveCfg = Debug|Any CPU
		{F07A0734-E088-44E8-BFA5-8E370B9EBAB8}.Debug|Any CPU.Build.0 = Debug|Any CPU
		{F07A0734-E088-44E8-BFA5-8E370B9EBAB8}.Release|Any CPU.ActiveCfg = Release|Any CPU
		{F07A0734-E088-44E8-BFA5-8E370B9EBAB8}.Release|Any CPU.Build.0 = Release|Any CPU
		{CD503E93-9E88-4C3E-9EB7-161BAFE5F713}.Debug|Any CPU.ActiveCfg = Debug|Any CPU
		{CD503E93-9E88-4C3E-9EB7-161BAFE5F713}.Debug|Any CPU.Build.0 = Debug|Any CPU
		{CD503E93-9E88-4C3E-9EB7-161BAFE5F713}.Release|Any CPU.ActiveCfg = Release|Any CPU
		{CD503E93-9E88-4C3E-9EB7-161BAFE5F713}.Release|Any CPU.Build.0 = Release|Any CPU
	EndGlobalSection
	GlobalSection(SolutionProperties) = preSolution
		HideSolutionNode = FALSE
	EndGlobalSection
	GlobalSection(ExtensibilityGlobals) = postSolution
		SolutionGuid = {528C4E12-963E-4351-BD8B-488BC8F3FBF2}
	EndGlobalSection
EndGlobal
